
Microsoft Visual Studio Solution File, Format Version 12.00
# Visual Studio Version 16
VisualStudioVersion = 16.0.30621.155
MinimumVisualStudioVersion = 10.0.40219.1
Project("{FAE04EC0-301F-11D3-BF4B-00C04F79EFBC}") = "TestTaskSoftLine", "TestTaskSoftLine\TestTaskSoftLine.csproj", "{95BFBE5E-30F8-472E-A513-C40A61C0FE45}"
EndProject
Project("{FAE04EC0-301F-11D3-BF4B-00C04F79EFBC}") = "TestTaskSoftline.DAL", "TestTaskSoftline.DAL\TestTaskSoftline.DAL.csproj", "{3BB5E9B5-DC0F-44F6-BA25-DC7F0A5882B9}"
EndProject
Project("{FAE04EC0-301F-11D3-BF4B-00C04F79EFBC}") = "TestTaskSoftline.BLL", "TestTaskSoftline.BLL\TestTaskSoftline.BLL.csproj", "{5ECCF72A-6EB7-473D-A3BF-B0596159CBFF}"
EndProject
Global
	GlobalSection(SolutionConfigurationPlatforms) = preSolution
		Debug|Any CPU = Debug|Any CPU
		Release|Any CPU = Release|Any CPU
	EndGlobalSection
	GlobalSection(ProjectConfigurationPlatforms) = postSolution
		{95BFBE5E-30F8-472E-A513-C40A61C0FE45}.Debug|Any CPU.ActiveCfg = Debug|Any CPU
		{95BFBE5E-30F8-472E-A513-C40A61C0FE45}.Debug|Any CPU.Build.0 = Debug|Any CPU
		{95BFBE5E-30F8-472E-A513-C40A61C0FE45}.Release|Any CPU.ActiveCfg = Release|Any CPU
		{95BFBE5E-30F8-472E-A513-C40A61C0FE45}.Release|Any CPU.Build.0 = Release|Any CPU
		{3BB5E9B5-DC0F-44F6-BA25-DC7F0A5882B9}.Debug|Any CPU.ActiveCfg = Debug|Any CPU
		{3BB5E9B5-DC0F-44F6-BA25-DC7F0A5882B9}.Debug|Any CPU.Build.0 = Debug|Any CPU
		{3BB5E9B5-DC0F-44F6-BA25-DC7F0A5882B9}.Release|Any CPU.ActiveCfg = Release|Any CPU
		{3BB5E9B5-DC0F-44F6-BA25-DC7F0A5882B9}.Release|Any CPU.Build.0 = Release|Any CPU
		{5ECCF72A-6EB7-473D-A3BF-B0596159CBFF}.Debug|Any CPU.ActiveCfg = Debug|Any CPU
		{5ECCF72A-6EB7-473D-A3BF-B0596159CBFF}.Debug|Any CPU.Build.0 = Debug|Any CPU
		{5ECCF72A-6EB7-473D-A3BF-B0596159CBFF}.Release|Any CPU.ActiveCfg = Release|Any CPU
		{5ECCF72A-6EB7-473D-A3BF-B0596159CBFF}.Release|Any CPU.Build.0 = Release|Any CPU
	EndGlobalSection
	GlobalSection(SolutionProperties) = preSolution
		HideSolutionNode = FALSE
	EndGlobalSection
	GlobalSection(ExtensibilityGlobals) = postSolution
		SolutionGuid = {63AEB25C-9F90-4A75-A915-4C966CB1EA34}
	EndGlobalSection
EndGlobal
